{
  "name": "docs-writter",
  "version": "0.0.1",
  "lockfileVersion": 1,
  "requires": true,
  "dependencies": {
    "docxtemplater": {
      "version": "3.16.9",
      "resolved": "https://registry.npmjs.org/docxtemplater/-/docxtemplater-3.16.9.tgz",
      "integrity": "sha512-WJml4hyukbj1bo/7hSFvQv7zxusJkt85hJQqdUVvIWDIszhu0KeihsNy3QKa+6Jrq+9junKD2ZXa9dKIE0BIQw==",
      "requires": {
        "xmldom": "^0.2.1"
      }
    },
    "docxtemplater-image-module-free": {
      "version": "1.1.1",
      "resolved": "https://registry.npmjs.org/docxtemplater-image-module-free/-/docxtemplater-image-module-free-1.1.1.tgz",
      "integrity": "sha512-aWOzVQN7ggDYjfoy3pTTNrcrZ7/CJrQcI9cT+hmyHE6nRLR67nt5yPFPe9hm9VWbfYIED2fi+3itOnF0TE/RWQ==",
      "requires": {
        "xmldom": "^0.1.27"
      },
      "dependencies": {
        "xmldom": {
          "version": "0.1.31",
          "resolved": "https://registry.npmjs.org/xmldom/-/xmldom-0.1.31.tgz",
          "integrity": "sha512-yS2uJflVQs6n+CyjHoaBmVSqIDevTAWrzMmjG1Gc7h1qQ7uVozNhEPJAwZXWyGQ/Gafo3fCwrcaokezLPupVyQ=="
        }
      }
    },
    "pako": {
      "version": "1.0.11",
      "resolved": "https://registry.npmjs.org/pako/-/pako-1.0.11.tgz",
      "integrity": "sha512-4hLB8Py4zZce5s4yd9XzopqwVv/yGNhV1Bl8NTmCq1763HeK2+EwVTv+leGeL13Dnh2wfbqowVPXCIO0z4taYw=="
    },
    "pizzip": {
      "version": "3.0.6",
      "resolved": "https://registry.npmjs.org/pizzip/-/pizzip-3.0.6.tgz",
      "integrity": "sha512-CYmQJQ6ShNhScp2zrpGetRfamQ2CtUdsfcXaauqsQ0h/HVdQTTlHNUaNzMO0i+l8XTNctHJ6PrmFP+YZoF4iZw==",
      "requires": {
        "pako": "~1.0.2"
      }
    },
    "xmldom": {
      "version": "0.2.1",
      "resolved": "https://registry.npmjs.org/xmldom/-/xmldom-0.2.1.tgz",
      "integrity": "sha512-kXXiYvmblIgEemGeB75y97FyaZavx6SQhGppLw5TKWAD2Wd0KAly0g23eVLh17YcpxZpnFym1Qk/eaRjy1APPg=="
    }
  }
}
